
Microsoft Visual Studio Solution File, Format Version 12.00
# Visual Studio Version 16
VisualStudioVersion = 16.0.31424.327
MinimumVisualStudioVersion = 10.0.40219.1
Project("{FAE04EC0-301F-11D3-BF4B-00C04F79EFBC}") = "Multiple0f3", "Multiple0f3\Multiple0f3.csproj", "{73DC731B-52DA-4C33-9E14-F67491F25E51}"
EndProject
Global
	GlobalSection(SolutionConfigurationPlatforms) = preSolution
		Debug|Any CPU = Debug|Any CPU
		Release|Any CPU = Release|Any CPU
	EndGlobalSection
	GlobalSection(ProjectConfigurationPlatforms) = postSolution
		{73DC731B-52DA-4C33-9E14-F67491F25E51}.Debug|Any CPU.ActiveCfg = Debug|Any CPU
		{73DC731B-52DA-4C33-9E14-F67491F25E51}.Debug|Any CPU.Build.0 = Debug|Any CPU
		{73DC731B-52DA-4C33-9E14-F67491F25E51}.Release|Any CPU.ActiveCfg = Release|Any CPU
		{73DC731B-52DA-4C33-9E14-F67491F25E51}.Release|Any CPU.Build.0 = Release|Any CPU
	EndGlobalSection
	GlobalSection(SolutionProperties) = preSolution
		HideSolutionNode = FALSE
	EndGlobalSection
	GlobalSection(ExtensibilityGlobals) = postSolution
		SolutionGuid = {81B70C5B-0CEF-4B7D-ABED-162D6F160621}
	EndGlobalSection
EndGlobal
