
Microsoft Visual Studio Solution File, Format Version 12.00
# Visual Studio Version 16
VisualStudioVersion = 16.0.31424.327
MinimumVisualStudioVersion = 10.0.40219.1
Project("{FAE04EC0-301F-11D3-BF4B-00C04F79EFBC}") = "Activity4BL", "Activity4BL\Activity4BL.csproj", "{380EB717-0DDE-4825-9094-E314D14349BC}"
EndProject
Project("{FAE04EC0-301F-11D3-BF4B-00C04F79EFBC}") = "MyCart2", "MyCart2\MyCart2.csproj", "{1DDD3A53-00BE-4928-BF52-7092AD204970}"
EndProject
Global
	GlobalSection(SolutionConfigurationPlatforms) = preSolution
		Debug|Any CPU = Debug|Any CPU
		Release|Any CPU = Release|Any CPU
	EndGlobalSection
	GlobalSection(ProjectConfigurationPlatforms) = postSolution
		{380EB717-0DDE-4825-9094-E314D14349BC}.Debug|Any CPU.ActiveCfg = Debug|Any CPU
		{380EB717-0DDE-4825-9094-E314D14349BC}.Debug|Any CPU.Build.0 = Debug|Any CPU
		{380EB717-0DDE-4825-9094-E314D14349BC}.Release|Any CPU.ActiveCfg = Release|Any CPU
		{380EB717-0DDE-4825-9094-E314D14349BC}.Release|Any CPU.Build.0 = Release|Any CPU
		{1DDD3A53-00BE-4928-BF52-7092AD204970}.Debug|Any CPU.ActiveCfg = Debug|Any CPU
		{1DDD3A53-00BE-4928-BF52-7092AD204970}.Debug|Any CPU.Build.0 = Debug|Any CPU
		{1DDD3A53-00BE-4928-BF52-7092AD204970}.Release|Any CPU.ActiveCfg = Release|Any CPU
		{1DDD3A53-00BE-4928-BF52-7092AD204970}.Release|Any CPU.Build.0 = Release|Any CPU
	EndGlobalSection
	GlobalSection(SolutionProperties) = preSolution
		HideSolutionNode = FALSE
	EndGlobalSection
	GlobalSection(ExtensibilityGlobals) = postSolution
		SolutionGuid = {A82014F6-05E0-46E0-97D7-A9FDD5CAC39A}
	EndGlobalSection
EndGlobal
