
Microsoft Visual Studio Solution File, Format Version 12.00
# Visual Studio Version 16
VisualStudioVersion = 16.0.31424.327
MinimumVisualStudioVersion = 10.0.40219.1
Project("{FAE04EC0-301F-11D3-BF4B-00C04F79EFBC}") = "SocialNetwork", "SocialNetwork\SocialNetwork.csproj", "{09C6142C-B708-43B5-9AE5-6EF1EBBB7F2E}"
EndProject
Global
	GlobalSection(SolutionConfigurationPlatforms) = preSolution
		Debug|Any CPU = Debug|Any CPU
		Release|Any CPU = Release|Any CPU
	EndGlobalSection
	GlobalSection(ProjectConfigurationPlatforms) = postSolution
		{09C6142C-B708-43B5-9AE5-6EF1EBBB7F2E}.Debug|Any CPU.ActiveCfg = Debug|Any CPU
		{09C6142C-B708-43B5-9AE5-6EF1EBBB7F2E}.Debug|Any CPU.Build.0 = Debug|Any CPU
		{09C6142C-B708-43B5-9AE5-6EF1EBBB7F2E}.Release|Any CPU.ActiveCfg = Release|Any CPU
		{09C6142C-B708-43B5-9AE5-6EF1EBBB7F2E}.Release|Any CPU.Build.0 = Release|Any CPU
	EndGlobalSection
	GlobalSection(SolutionProperties) = preSolution
		HideSolutionNode = FALSE
	EndGlobalSection
	GlobalSection(ExtensibilityGlobals) = postSolution
		SolutionGuid = {9AC5761D-E589-49C1-9BC6-0CC9B940C479}
	EndGlobalSection
EndGlobal
